
Microsoft Visual Studio Solution File, Format Version 12.00
# Visual Studio 15
VisualStudioVersion = 15.0.28010.2026
MinimumVisualStudioVersion = 10.0.40219.1
Project("{9A19103F-16F7-4668-BE54-9A1E7A4F7556}") = "GroupGenerator", "GroupGenerator\GroupGenerator.csproj", "{19A95736-093F-474A-A1B4-0896E41C5BD1}"
EndProject
Global
	GlobalSection(SolutionConfigurationPlatforms) = preSolution
		Debug|Any CPU = Debug|Any CPU
		Release|Any CPU = Release|Any CPU
	EndGlobalSection
	GlobalSection(ProjectConfigurationPlatforms) = postSolution
		{19A95736-093F-474A-A1B4-0896E41C5BD1}.Debug|Any CPU.ActiveCfg = Debug|Any CPU
		{19A95736-093F-474A-A1B4-0896E41C5BD1}.Debug|Any CPU.Build.0 = Debug|Any CPU
		{19A95736-093F-474A-A1B4-0896E41C5BD1}.Release|Any CPU.ActiveCfg = Release|Any CPU
		{19A95736-093F-474A-A1B4-0896E41C5BD1}.Release|Any CPU.Build.0 = Release|Any CPU
	EndGlobalSection
	GlobalSection(SolutionProperties) = preSolution
		HideSolutionNode = FALSE
	EndGlobalSection
	GlobalSection(ExtensibilityGlobals) = postSolution
		SolutionGuid = {0870BDB6-9F52-405B-AB90-D868B366566D}
	EndGlobalSection
EndGlobal
